{
  "name": "email",
  "version": "1.0.0",
  "lockfileVersion": 3,
  "requires": true,
  "packages": {
    "": {
      "name": "email",
      "version": "1.0.0",
      "license": "ISC",
      "dependencies": {
        "@css-inline/css-inline": "^0.17.0"
      }
    },
    "node_modules/@css-inline/css-inline": {
      "version": "0.17.0",
      "resolved": "https://registry.npmjs.org/@css-inline/css-inline/-/css-inline-0.17.0.tgz",
      "integrity": "sha512-IPZ4Z86lxacvcxlQl0jm1Hn8oiojCLrsm8qDdH6aeKstJWPeF4RhnPv15oMlW3ytsW4OHYPfknIaYBHm5rjhWg==",
      "license": "MIT",
      "engines": {
        "node": ">= 10"
      },
      "optionalDependencies": {
        "@css-inline/css-inline-android-arm-eabi": "0.17.0",
        "@css-inline/css-inline-android-arm64": "0.17.0",
        "@css-inline/css-inline-darwin-arm64": "0.17.0",
        "@css-inline/css-inline-darwin-x64": "0.17.0",
        "@css-inline/css-inline-linux-arm-gnueabihf": "0.17.0",
        "@css-inline/css-inline-linux-arm64-gnu": "0.17.0",
        "@css-inline/css-inline-linux-arm64-musl": "0.17.0",
        "@css-inline/css-inline-linux-x64-gnu": "0.17.0",
        "@css-inline/css-inline-linux-x64-musl": "0.17.0",
        "@css-inline/css-inline-win32-arm64-msvc": "0.17.0",
        "@css-inline/css-inline-win32-x64-msvc": "0.17.0"
      }
    },
    "node_modules/@css-inline/css-inline-android-arm-eabi": {
      "version": "0.17.0",
      "resolved": "https://registry.npmjs.org/@css-inline/css-inline-android-arm-eabi/-/css-inline-android-arm-eabi-0.17.0.tgz",
      "integrity": "sha512-4Tw2OH+0Ob6RJfVqjA7Pjg2jKhLQIeDmxO2ZirD7j7o/s7JvJwkBXhOgCBIPIbl7CviLQ0FzZPPbcTs7vn/Mtw==",
      "cpu": [
        "arm"
      ],
      "license": "MIT",
      "optional": true,
      "os": [
        "android"
      ],
      "engines": {
        "node": ">= 10"
      }
    },
    "node_modules/@css-inline/css-inline-android-arm64": {
      "version": "0.17.0",
      "resolved": "https://registry.npmjs.org/@css-inline/css-inline-android-arm64/-/css-inline-android-arm64-0.17.0.tgz",
      "integrity": "sha512-Glbl4g27GIXWP+CbDOlGMUB9XIzrac9mU9s/VHN8dP8RDuEmxOCgA3eZVXns7/uijLSDIwQJTxjLstv3o5dTMQ==",
      "cpu": [
        "arm64"
      ],
      "license": "MIT",
      "optional": true,
      "os": [
        "android"
      ],
      "engines": {
        "node": ">= 10"
      }
    },
    "node_modules/@css-inline/css-inline-darwin-arm64": {
      "version": "0.17.0",
      "resolved": "https://registry.npmjs.org/@css-inline/css-inline-darwin-arm64/-/css-inline-darwin-arm64-0.17.0.tgz",
      "integrity": "sha512-MQ2myM834msxt4cEl1NOp9oP3xdIJAm4Y9JUa3NASbzNPCUsPD4CoJb8x4zgeIBIswo+HJOytIOUQpRrJstxeQ==",
      "cpu": [
        "arm64"
      ],
      "license": "MIT",
      "optional": true,
      "os": [
        "darwin"
      ],
      "engines": {
        "node": ">= 10"
      }
    },
    "node_modules/@css-inline/css-inline-darwin-x64": {
      "version": "0.17.0",
      "resolved": "https://registry.npmjs.org/@css-inline/css-inline-darwin-x64/-/css-inline-darwin-x64-0.17.0.tgz",
      "integrity": "sha512-cCO+tI5NSkizLxRVjAqnIv0M7y/GfhY3w68mN/wPxmUHk9NuLnvZS2M4CcYs7FLQ63eE3MQLbHuk6hRKjDCcSg==",
      "cpu": [
        "x64"
      ],
      "license": "MIT",
      "optional": true,
      "os": [
        "darwin"
      ],
      "engines": {
        "node": ">= 10"
      }
    },
    "node_modules/@css-inline/css-inline-linux-arm-gnueabihf": {
      "version": "0.17.0",
      "resolved": "https://registry.npmjs.org/@css-inline/css-inline-linux-arm-gnueabihf/-/css-inline-linux-arm-gnueabihf-0.17.0.tgz",
      "integrity": "sha512-bqrT9HbOrXj6kpw/dGuJXgsx8id3HMtPUygxMeiy/GOB4x3/xusTRuNne6tOxWkqw/Obu86T1wy/h2SUaXnDgg==",
      "cpu": [
        "arm"
      ],
      "license": "MIT",
      "optional": true,
      "os": [
        "linux"
      ],
      "engines": {
        "node": ">= 10"
      }
    },
    "node_modules/@css-inline/css-inline-linux-arm64-gnu": {
      "version": "0.17.0",
      "resolved": "https://registry.npmjs.org/@css-inline/css-inline-linux-arm64-gnu/-/css-inline-linux-arm64-gnu-0.17.0.tgz",
      "integrity": "sha512-1eQ4ajlcALxDACG86UcRM/n91/orMbHIw5e2NmD0+Y8nZsxXXUZJq2Rw7R2TETsOMxJC2IY12o8PS26Rw94D6A==",
      "cpu": [
        "arm64"
      ],
      "license": "MIT",
      "optional": true,
      "os": [
        "linux"
      ],
      "engines": {
        "node": ">= 10"
      }
    },
    "node_modules/@css-inline/css-inline-linux-arm64-musl": {
      "version": "0.17.0",
      "resolved": "https://registry.npmjs.org/@css-inline/css-inline-linux-arm64-musl/-/css-inline-linux-arm64-musl-0.17.0.tgz",
      "integrity": "sha512-Sq3nhiPyVXII7qIJlGK3lHWCCNJfOSDo0fEKPi4o9iDSO1L78um9vtIUrnJe/craoeza1vJb1xd5IASmVCU0Cg==",
      "cpu": [
        "arm64"
      ],
      "license": "MIT",
      "optional": true,
      "os": [
        "linux"
      ],
      "engines": {
        "node": ">= 10"
      }
    },
    "node_modules/@css-inline/css-inline-linux-x64-gnu": {
      "version": "0.17.0",
      "resolved": "https://registry.npmjs.org/@css-inline/css-inline-linux-x64-gnu/-/css-inline-linux-x64-gnu-0.17.0.tgz",
      "integrity": "sha512-zpKlmEl8l7QCrtVP6nbfnnYuSbwSjWsZRTVG1JLcIcx5LkxLzE7d7+NIQ3C4Myb0n0SeOuGVEVAZwFNct7Ksog==",
      "cpu": [
        "x64"
      ],
      "license": "MIT",
      "optional": true,
      "os": [
        "linux"
      ],
      "engines": {
        "node": ">= 10"
      }
    },
    "node_modules/@css-inline/css-inline-linux-x64-musl": {
      "version": "0.17.0",
      "resolved": "https://registry.npmjs.org/@css-inline/css-inline-linux-x64-musl/-/css-inline-linux-x64-musl-0.17.0.tgz",
      "integrity": "sha512-0SxccSQa4reAekGdHsSv2VzTiG+ZTgNsnYM3lIeHRfv10n0a0/Px1KDmwe7RlHJytkH15T7Tubv8FEcjfOqZBQ==",
      "cpu": [
        "x64"
      ],
      "license": "MIT",
      "optional": true,
      "os": [
        "linux"
      ],
      "engines": {
        "node": ">= 10"
      }
    },
    "node_modules/@css-inline/css-inline-win32-arm64-msvc": {
      "version": "0.17.0",
      "resolved": "https://registry.npmjs.org/@css-inline/css-inline-win32-arm64-msvc/-/css-inline-win32-arm64-msvc-0.17.0.tgz",
      "integrity": "sha512-DY3GAPpzjzaW2xCdelPKZM90ldrUieodTFZCQhjOODftTGf4wd5cj2741DcuDg2aqDGAZ6PtXbeysfmx+DHy3w==",
      "cpu": [
        "arm64"
      ],
      "license": "MIT",
      "optional": true,
      "os": [
        "win32"
      ],
      "engines": {
        "node": ">= 10"
      }
    },
    "node_modules/@css-inline/css-inline-win32-x64-msvc": {
      "version": "0.17.0",
      "resolved": "https://registry.npmjs.org/@css-inline/css-inline-win32-x64-msvc/-/css-inline-win32-x64-msvc-0.17.0.tgz",
      "integrity": "sha512-CDCcVgBFxaun1LZhgnOBen/DnFGIdg88k3rQ653mB4qVsfI7Kyt8V3ezYdWAN7rZKvQL/sRQG4LOVAjPsrJWgA==",
      "cpu": [
        "x64"
      ],
      "license": "MIT",
      "optional": true,
      "os": [
        "win32"
      ],
      "engines": {
        "node": ">= 10"
      }
    }
  }
}
